<?xml version="1.0" encoding="utf-8"?>
<Project ToolsVersion="4.0" xmlns="http://schemas.microsoft.com/developer/msbuild/2003">
  <ItemGroup>
    <Filter Include="源文件">
      <UniqueIdentifier>{4FC737F1-C7A5-4376-A066-2A32D752A2FF}</UniqueIdentifier>
      <Extensions>cpp;c;cc;cxx;c++;def;odl;idl;hpj;bat;asm;asmx</Extensions>
    </Filter>
    <Filter Include="头文件">
      <UniqueIdentifier>{93995380-89BD-4b04-88EB-625FBE52EBFB}</UniqueIdentifier>
      <Extensions>h;hh;hpp;hxx;h++;hm;inl;inc;ipp;xsd</Extensions>
    </Filter>
    <Filter Include="资源文件">
      <UniqueIdentifier>{67DA6AB6-F800-4c08-8B7A-83BB121AAD01}</UniqueIdentifier>
      <Extensions>rc;ico;cur;bmp;dlg;rc2;rct;bin;rgs;gif;jpg;jpeg;jpe;resx;tiff;tif;png;wav;mfcribbon-ms</Extensions>
    </Filter>
  </ItemGroup>
  <ItemGroup>
    <ClCompile Include="1引用指针变量.cpp">
      <Filter>源文件</Filter>
    </ClCompile>
    <ClCompile Include="2指针作为函数参数.cpp">
      <Filter>源文件</Filter>
    </ClCompile>
    <ClCompile Include="3指向数组元素的指针.cpp">
      <Filter>源文件</Filter>
    </ClCompile>
    <ClCompile Include="4用指针变量作函数参数接收数组地址.cpp">
      <Filter>源文件</Filter>
    </ClCompile>
    <ClCompile Include="5指向数组元素的指针变量.cpp">
      <Filter>源文件</Filter>
    </ClCompile>
    <ClCompile Include="6指向m个元素组成的一维数组的指针变量.cpp">
      <Filter>源文件</Filter>
    </ClCompile>
    <ClCompile Include="7用指向数组的指针作为函数参数.cpp">
      <Filter>源文件</Filter>
    </ClCompile>
    <ClCompile Include="8用字符指针指向一个字符串.cpp">
      <Filter>源文件</Filter>
    </ClCompile>
    <ClCompile Include="9用函数指针变量调用函数.cpp">
      <Filter>源文件</Filter>
    </ClCompile>
    <ClCompile Include="10指针数组.cpp">
      <Filter>源文件</Filter>
    </ClCompile>
    <ClCompile Include="11指向指针的指针.cpp">
      <Filter>源文件</Filter>
    </ClCompile>
    <ClCompile Include="12引用和变量的关系.cpp">
      <Filter>源文件</Filter>
    </ClCompile>
    <ClCompile Include="13引用作为函数参数.cpp">
      <Filter>源文件</Filter>
    </ClCompile>
  </ItemGroup>
</Project>